{
  "name": "bazar-wip_common",
  "version": "0.0.1",
  "lockfileVersion": 2,
  "requires": true,
  "packages": {
    "": {
      "name": "bazar-wip_common",
      "version": "0.0.1",
      "license": "MIT",
      "dependencies": {
        "ajv-errors-to-data-tree": "^0.7.1"
      }
    },
    "node_modules/ajv-errors-to-data-tree": {
      "version": "0.7.1",
      "resolved": "https://registry.npmjs.org/ajv-errors-to-data-tree/-/ajv-errors-to-data-tree-0.7.1.tgz",
      "integrity": "sha512-Sg1hjwXDxJf2ZkGoLgsewrVblZ0ccb9Bxc8YMadQDGY0SNH6b25rV4lzvVZOIFLDtqYJkYDTssVfgLXNNWRm3g=="
    }
  },
  "dependencies": {
    "ajv-errors-to-data-tree": {
      "version": "0.7.1",
      "resolved": "https://registry.npmjs.org/ajv-errors-to-data-tree/-/ajv-errors-to-data-tree-0.7.1.tgz",
      "integrity": "sha512-Sg1hjwXDxJf2ZkGoLgsewrVblZ0ccb9Bxc8YMadQDGY0SNH6b25rV4lzvVZOIFLDtqYJkYDTssVfgLXNNWRm3g=="
    }
  }
}
